
Microsoft Visual Studio Solution File, Format Version 12.00
# Visual Studio Version 17
VisualStudioVersion = 17.7.34302.85
MinimumVisualStudioVersion = 10.0.40219.1
Project("{9A19103F-16F7-4668-BE54-9A1E7A4F7556}") = "SingleInheritance", "SingleInheritance\SingleInheritance.csproj", "{DE1809FB-9328-43C3-8E13-FEBD0350A8A7}"
EndProject
Project("{9A19103F-16F7-4668-BE54-9A1E7A4F7556}") = "RandomList", "RandomList\RandomList.csproj", "{F01D45B7-1761-41BC-84AE-1E54C7E881AD}"
EndProject
Project("{FAE04EC0-301F-11D3-BF4B-00C04F79EFBC}") = "StackOfStrings", "StackOfStrings\StackOfStrings.csproj", "{44C77A56-2B57-46F1-BB89-0EAA9227EF7B}"
EndProject
Global
	GlobalSection(SolutionConfigurationPlatforms) = preSolution
		Debug|Any CPU = Debug|Any CPU
		Release|Any CPU = Release|Any CPU
	EndGlobalSection
	GlobalSection(ProjectConfigurationPlatforms) = postSolution
		{DE1809FB-9328-43C3-8E13-FEBD0350A8A7}.Debug|Any CPU.ActiveCfg = Debug|Any CPU
		{DE1809FB-9328-43C3-8E13-FEBD0350A8A7}.Debug|Any CPU.Build.0 = Debug|Any CPU
		{DE1809FB-9328-43C3-8E13-FEBD0350A8A7}.Release|Any CPU.ActiveCfg = Release|Any CPU
		{DE1809FB-9328-43C3-8E13-FEBD0350A8A7}.Release|Any CPU.Build.0 = Release|Any CPU
		{F01D45B7-1761-41BC-84AE-1E54C7E881AD}.Debug|Any CPU.ActiveCfg = Debug|Any CPU
		{F01D45B7-1761-41BC-84AE-1E54C7E881AD}.Debug|Any CPU.Build.0 = Debug|Any CPU
		{F01D45B7-1761-41BC-84AE-1E54C7E881AD}.Release|Any CPU.ActiveCfg = Release|Any CPU
		{F01D45B7-1761-41BC-84AE-1E54C7E881AD}.Release|Any CPU.Build.0 = Release|Any CPU
		{44C77A56-2B57-46F1-BB89-0EAA9227EF7B}.Debug|Any CPU.ActiveCfg = Debug|Any CPU
		{44C77A56-2B57-46F1-BB89-0EAA9227EF7B}.Debug|Any CPU.Build.0 = Debug|Any CPU
		{44C77A56-2B57-46F1-BB89-0EAA9227EF7B}.Release|Any CPU.ActiveCfg = Release|Any CPU
		{44C77A56-2B57-46F1-BB89-0EAA9227EF7B}.Release|Any CPU.Build.0 = Release|Any CPU
	EndGlobalSection
	GlobalSection(SolutionProperties) = preSolution
		HideSolutionNode = FALSE
	EndGlobalSection
	GlobalSection(ExtensibilityGlobals) = postSolution
		SolutionGuid = {7350A30E-B964-450B-91CF-BA429D7EC495}
	EndGlobalSection
EndGlobal
